
Microsoft Visual Studio Solution File, Format Version 12.00
# Visual Studio Version 17
VisualStudioVersion = 17.2.32602.215
MinimumVisualStudioVersion = 10.0.40219.1
Project("{9A19103F-16F7-4668-BE54-9A1E7A4F7556}") = "Imi.Project.Herexamen.Api", "Imi.Project.Herexamen.Api\Imi.Project.Herexamen.Api.csproj", "{B10BE3C8-16F8-48F8-98C5-E700941A91CA}"
EndProject
Project("{9A19103F-16F7-4668-BE54-9A1E7A4F7556}") = "Imi.Project.Herexamen.Api.Core", "Imi.Project.Herexamen.Api.Core\Imi.Project.Herexamen.Api.Core.csproj", "{9A568F17-BA39-446B-A9FF-104841901930}"
EndProject
Project("{9A19103F-16F7-4668-BE54-9A1E7A4F7556}") = "Imi.Project.Herexamen.Api.Infrastucture", "Imi.Project.Herexamen.Api.Infrastucture\Imi.Project.Herexamen.Api.Infrastucture.csproj", "{56A8ED97-5A02-4FD1-9282-690DA95A7B34}"
EndProject
Project("{FAE04EC0-301F-11D3-BF4B-00C04F79EFBC}") = "Imi.Project.Herexamen.Mobile.UWP", "Imi.Project.Herexamen.Mobile\Imi.Project.Herexamen.Mobile.UWP\Imi.Project.Herexamen.Mobile.UWP.csproj", "{D3690A8B-79C6-482B-9AEB-9D954DED083A}"
EndProject
Project("{FAE04EC0-301F-11D3-BF4B-00C04F79EFBC}") = "Imi.Project.Herexamen.Mobile.Android", "Imi.Project.Herexamen.Mobile\Imi.Project.Herexamen.Mobile.Android\Imi.Project.Herexamen.Mobile.Android.csproj", "{111E2D81-69D6-4737-B0A1-C7CD62E4D7E4}"
EndProject
Project("{9A19103F-16F7-4668-BE54-9A1E7A4F7556}") = "Imi.Project.Herexamen.Mobile", "Imi.Project.Herexamen.Mobile\Imi.Project.Herexamen.Mobile\Imi.Project.Herexamen.Mobile.csproj", "{576DD5AA-4568-4125-91E8-EB97719B0191}"
EndProject
Project("{FAE04EC0-301F-11D3-BF4B-00C04F79EFBC}") = "Imi.Project.Herexamen.Mobile.Core", "Imi.Project.Herexamen.Mobile.Core\Imi.Project.Herexamen.Mobile.Core.csproj", "{07DA65E4-F515-4112-956F-7C5277D8B2DB}"
EndProject
Project("{FAE04EC0-301F-11D3-BF4B-00C04F79EFBC}") = "Imi.Project.Herexamen.Mobile.Infrastructure", "Imi.Project.Herexamen.Mobile.Infrastructure\Imi.Project.Herexamen.Mobile.Infrastructure.csproj", "{CA6C88D2-0FEC-4899-8C99-E8ADB7059571}"
EndProject
Project("{FAE04EC0-301F-11D3-BF4B-00C04F79EFBC}") = "Imi.Project.Herexamen.Constants", "Imi.Project.Herexamen.Constants\Imi.Project.Herexamen.Constants.csproj", "{DAA54017-DF90-42D5-84C4-3F4514E61DBD}"
EndProject
Global
	GlobalSection(SolutionConfigurationPlatforms) = preSolution
		Debug|Any CPU = Debug|Any CPU
		Debug|ARM = Debug|ARM
		Debug|x64 = Debug|x64
		Debug|x86 = Debug|x86
		Release|Any CPU = Release|Any CPU
		Release|ARM = Release|ARM
		Release|x64 = Release|x64
		Release|x86 = Release|x86
	EndGlobalSection
	GlobalSection(ProjectConfigurationPlatforms) = postSolution
		{B10BE3C8-16F8-48F8-98C5-E700941A91CA}.Debug|Any CPU.ActiveCfg = Debug|Any CPU
		{B10BE3C8-16F8-48F8-98C5-E700941A91CA}.Debug|Any CPU.Build.0 = Debug|Any CPU
		{B10BE3C8-16F8-48F8-98C5-E700941A91CA}.Debug|ARM.ActiveCfg = Debug|Any CPU
		{B10BE3C8-16F8-48F8-98C5-E700941A91CA}.Debug|ARM.Build.0 = Debug|Any CPU
		{B10BE3C8-16F8-48F8-98C5-E700941A91CA}.Debug|x64.ActiveCfg = Debug|Any CPU
		{B10BE3C8-16F8-48F8-98C5-E700941A91CA}.Debug|x64.Build.0 = Debug|Any CPU
		{B10BE3C8-16F8-48F8-98C5-E700941A91CA}.Debug|x86.ActiveCfg = Debug|Any CPU
		{B10BE3C8-16F8-48F8-98C5-E700941A91CA}.Debug|x86.Build.0 = Debug|Any CPU
		{B10BE3C8-16F8-48F8-98C5-E700941A91CA}.Release|Any CPU.ActiveCfg = Release|Any CPU
		{B10BE3C8-16F8-48F8-98C5-E700941A91CA}.Release|Any CPU.Build.0 = Release|Any CPU
		{B10BE3C8-16F8-48F8-98C5-E700941A91CA}.Release|ARM.ActiveCfg = Release|Any CPU
		{B10BE3C8-16F8-48F8-98C5-E700941A91CA}.Release|ARM.Build.0 = Release|Any CPU
		{B10BE3C8-16F8-48F8-98C5-E700941A91CA}.Release|x64.ActiveCfg = Release|Any CPU
		{B10BE3C8-16F8-48F8-98C5-E700941A91CA}.Release|x64.Build.0 = Release|Any CPU
		{B10BE3C8-16F8-48F8-98C5-E700941A91CA}.Release|x86.ActiveCfg = Release|Any CPU
		{B10BE3C8-16F8-48F8-98C5-E700941A91CA}.Release|x86.Build.0 = Release|Any CPU
		{9A568F17-BA39-446B-A9FF-104841901930}.Debug|Any CPU.ActiveCfg = Debug|Any CPU
		{9A568F17-BA39-446B-A9FF-104841901930}.Debug|Any CPU.Build.0 = Debug|Any CPU
		{9A568F17-BA39-446B-A9FF-104841901930}.Debug|ARM.ActiveCfg = Debug|Any CPU
		{9A568F17-BA39-446B-A9FF-104841901930}.Debug|ARM.Build.0 = Debug|Any CPU
		{9A568F17-BA39-446B-A9FF-104841901930}.Debug|x64.ActiveCfg = Debug|Any CPU
		{9A568F17-BA39-446B-A9FF-104841901930}.Debug|x64.Build.0 = Debug|Any CPU
		{9A568F17-BA39-446B-A9FF-104841901930}.Debug|x86.ActiveCfg = Debug|Any CPU
		{9A568F17-BA39-446B-A9FF-104841901930}.Debug|x86.Build.0 = Debug|Any CPU
		{9A568F17-BA39-446B-A9FF-104841901930}.Release|Any CPU.ActiveCfg = Release|Any CPU
		{9A568F17-BA39-446B-A9FF-104841901930}.Release|Any CPU.Build.0 = Release|Any CPU
		{9A568F17-BA39-446B-A9FF-104841901930}.Release|ARM.ActiveCfg = Release|Any CPU
		{9A568F17-BA39-446B-A9FF-104841901930}.Release|ARM.Build.0 = Release|Any CPU
		{9A568F17-BA39-446B-A9FF-104841901930}.Release|x64.ActiveCfg = Release|Any CPU
		{9A568F17-BA39-446B-A9FF-104841901930}.Release|x64.Build.0 = Release|Any CPU
		{9A568F17-BA39-446B-A9FF-104841901930}.Release|x86.ActiveCfg = Release|Any CPU
		{9A568F17-BA39-446B-A9FF-104841901930}.Release|x86.Build.0 = Release|Any CPU
		{56A8ED97-5A02-4FD1-9282-690DA95A7B34}.Debug|Any CPU.ActiveCfg = Debug|Any CPU
		{56A8ED97-5A02-4FD1-9282-690DA95A7B34}.Debug|Any CPU.Build.0 = Debug|Any CPU
		{56A8ED97-5A02-4FD1-9282-690DA95A7B34}.Debug|ARM.ActiveCfg = Debug|Any CPU
		{56A8ED97-5A02-4FD1-9282-690DA95A7B34}.Debug|ARM.Build.0 = Debug|Any CPU
		{56A8ED97-5A02-4FD1-9282-690DA95A7B34}.Debug|x64.ActiveCfg = Debug|Any CPU
		{56A8ED97-5A02-4FD1-9282-690DA95A7B34}.Debug|x64.Build.0 = Debug|Any CPU
		{56A8ED97-5A02-4FD1-9282-690DA95A7B34}.Debug|x86.ActiveCfg = Debug|Any CPU
		{56A8ED97-5A02-4FD1-9282-690DA95A7B34}.Debug|x86.Build.0 = Debug|Any CPU
		{56A8ED97-5A02-4FD1-9282-690DA95A7B34}.Release|Any CPU.ActiveCfg = Release|Any CPU
		{56A8ED97-5A02-4FD1-9282-690DA95A7B34}.Release|Any CPU.Build.0 = Release|Any CPU
		{56A8ED97-5A02-4FD1-9282-690DA95A7B34}.Release|ARM.ActiveCfg = Release|Any CPU
		{56A8ED97-5A02-4FD1-9282-690DA95A7B34}.Release|ARM.Build.0 = Release|Any CPU
		{56A8ED97-5A02-4FD1-9282-690DA95A7B34}.Release|x64.ActiveCfg = Release|Any CPU
		{56A8ED97-5A02-4FD1-9282-690DA95A7B34}.Release|x64.Build.0 = Release|Any CPU
		{56A8ED97-5A02-4FD1-9282-690DA95A7B34}.Release|x86.ActiveCfg = Release|Any CPU
		{56A8ED97-5A02-4FD1-9282-690DA95A7B34}.Release|x86.Build.0 = Release|Any CPU
		{D3690A8B-79C6-482B-9AEB-9D954DED083A}.Debug|Any CPU.ActiveCfg = Debug|x64
		{D3690A8B-79C6-482B-9AEB-9D954DED083A}.Debug|Any CPU.Build.0 = Debug|x64
		{D3690A8B-79C6-482B-9AEB-9D954DED083A}.Debug|Any CPU.Deploy.0 = Debug|x64
		{D3690A8B-79C6-482B-9AEB-9D954DED083A}.Debug|ARM.ActiveCfg = Debug|ARM
		{D3690A8B-79C6-482B-9AEB-9D954DED083A}.Debug|ARM.Build.0 = Debug|ARM
		{D3690A8B-79C6-482B-9AEB-9D954DED083A}.Debug|ARM.Deploy.0 = Debug|ARM
		{D3690A8B-79C6-482B-9AEB-9D954DED083A}.Debug|x64.ActiveCfg = Debug|x64
		{D3690A8B-79C6-482B-9AEB-9D954DED083A}.Debug|x64.Build.0 = Debug|x64
		{D3690A8B-79C6-482B-9AEB-9D954DED083A}.Debug|x64.Deploy.0 = Debug|x64
		{D3690A8B-79C6-482B-9AEB-9D954DED083A}.Debug|x86.ActiveCfg = Debug|x86
		{D3690A8B-79C6-482B-9AEB-9D954DED083A}.Debug|x86.Build.0 = Debug|x86
		{D3690A8B-79C6-482B-9AEB-9D954DED083A}.Debug|x86.Deploy.0 = Debug|x86
		{D3690A8B-79C6-482B-9AEB-9D954DED083A}.Release|Any CPU.ActiveCfg = Release|x64
		{D3690A8B-79C6-482B-9AEB-9D954DED083A}.Release|Any CPU.Build.0 = Release|x64
		{D3690A8B-79C6-482B-9AEB-9D954DED083A}.Release|Any CPU.Deploy.0 = Release|x64
		{D3690A8B-79C6-482B-9AEB-9D954DED083A}.Release|ARM.ActiveCfg = Release|ARM
		{D3690A8B-79C6-482B-9AEB-9D954DED083A}.Release|ARM.Build.0 = Release|ARM
		{D3690A8B-79C6-482B-9AEB-9D954DED083A}.Release|ARM.Deploy.0 = Release|ARM
		{D3690A8B-79C6-482B-9AEB-9D954DED083A}.Release|x64.ActiveCfg = Release|x64
		{D3690A8B-79C6-482B-9AEB-9D954DED083A}.Release|x64.Build.0 = Release|x64
		{D3690A8B-79C6-482B-9AEB-9D954DED083A}.Release|x64.Deploy.0 = Release|x64
		{D3690A8B-79C6-482B-9AEB-9D954DED083A}.Release|x86.ActiveCfg = Release|x86
		{D3690A8B-79C6-482B-9AEB-9D954DED083A}.Release|x86.Build.0 = Release|x86
		{D3690A8B-79C6-482B-9AEB-9D954DED083A}.Release|x86.Deploy.0 = Release|x86
		{111E2D81-69D6-4737-B0A1-C7CD62E4D7E4}.Debug|Any CPU.ActiveCfg = Debug|Any CPU
		{111E2D81-69D6-4737-B0A1-C7CD62E4D7E4}.Debug|Any CPU.Build.0 = Debug|Any CPU
		{111E2D81-69D6-4737-B0A1-C7CD62E4D7E4}.Debug|Any CPU.Deploy.0 = Debug|Any CPU
		{111E2D81-69D6-4737-B0A1-C7CD62E4D7E4}.Debug|ARM.ActiveCfg = Debug|Any CPU
		{111E2D81-69D6-4737-B0A1-C7CD62E4D7E4}.Debug|ARM.Build.0 = Debug|Any CPU
		{111E2D81-69D6-4737-B0A1-C7CD62E4D7E4}.Debug|ARM.Deploy.0 = Debug|Any CPU
		{111E2D81-69D6-4737-B0A1-C7CD62E4D7E4}.Debug|x64.ActiveCfg = Debug|Any CPU
		{111E2D81-69D6-4737-B0A1-C7CD62E4D7E4}.Debug|x64.Build.0 = Debug|Any CPU
		{111E2D81-69D6-4737-B0A1-C7CD62E4D7E4}.Debug|x64.Deploy.0 = Debug|Any CPU
		{111E2D81-69D6-4737-B0A1-C7CD62E4D7E4}.Debug|x86.ActiveCfg = Debug|Any CPU
		{111E2D81-69D6-4737-B0A1-C7CD62E4D7E4}.Debug|x86.Build.0 = Debug|Any CPU
		{111E2D81-69D6-4737-B0A1-C7CD62E4D7E4}.Debug|x86.Deploy.0 = Debug|Any CPU
		{111E2D81-69D6-4737-B0A1-C7CD62E4D7E4}.Release|Any CPU.ActiveCfg = Release|Any CPU
		{111E2D81-69D6-4737-B0A1-C7CD62E4D7E4}.Release|Any CPU.Build.0 = Release|Any CPU
		{111E2D81-69D6-4737-B0A1-C7CD62E4D7E4}.Release|Any CPU.Deploy.0 = Release|Any CPU
		{111E2D81-69D6-4737-B0A1-C7CD62E4D7E4}.Release|ARM.ActiveCfg = Release|Any CPU
		{111E2D81-69D6-4737-B0A1-C7CD62E4D7E4}.Release|ARM.Build.0 = Release|Any CPU
		{111E2D81-69D6-4737-B0A1-C7CD62E4D7E4}.Release|ARM.Deploy.0 = Release|Any CPU
		{111E2D81-69D6-4737-B0A1-C7CD62E4D7E4}.Release|x64.ActiveCfg = Release|Any CPU
		{111E2D81-69D6-4737-B0A1-C7CD62E4D7E4}.Release|x64.Build.0 = Release|Any CPU
		{111E2D81-69D6-4737-B0A1-C7CD62E4D7E4}.Release|x64.Deploy.0 = Release|Any CPU
		{111E2D81-69D6-4737-B0A1-C7CD62E4D7E4}.Release|x86.ActiveCfg = Release|Any CPU
		{111E2D81-69D6-4737-B0A1-C7CD62E4D7E4}.Release|x86.Build.0 = Release|Any CPU
		{111E2D81-69D6-4737-B0A1-C7CD62E4D7E4}.Release|x86.Deploy.0 = Release|Any CPU
		{576DD5AA-4568-4125-91E8-EB97719B0191}.Debug|Any CPU.ActiveCfg = Debug|Any CPU
		{576DD5AA-4568-4125-91E8-EB97719B0191}.Debug|Any CPU.Build.0 = Debug|Any CPU
		{576DD5AA-4568-4125-91E8-EB97719B0191}.Debug|ARM.ActiveCfg = Debug|Any CPU
		{576DD5AA-4568-4125-91E8-EB97719B0191}.Debug|ARM.Build.0 = Debug|Any CPU
		{576DD5AA-4568-4125-91E8-EB97719B0191}.Debug|x64.ActiveCfg = Debug|Any CPU
		{576DD5AA-4568-4125-91E8-EB97719B0191}.Debug|x64.Build.0 = Debug|Any CPU
		{576DD5AA-4568-4125-91E8-EB97719B0191}.Debug|x86.ActiveCfg = Debug|Any CPU
		{576DD5AA-4568-4125-91E8-EB97719B0191}.Debug|x86.Build.0 = Debug|Any CPU
		{576DD5AA-4568-4125-91E8-EB97719B0191}.Release|Any CPU.ActiveCfg = Release|Any CPU
		{576DD5AA-4568-4125-91E8-EB97719B0191}.Release|Any CPU.Build.0 = Release|Any CPU
		{576DD5AA-4568-4125-91E8-EB97719B0191}.Release|ARM.ActiveCfg = Release|Any CPU
		{576DD5AA-4568-4125-91E8-EB97719B0191}.Release|ARM.Build.0 = Release|Any CPU
		{576DD5AA-4568-4125-91E8-EB97719B0191}.Release|x64.ActiveCfg = Release|Any CPU
		{576DD5AA-4568-4125-91E8-EB97719B0191}.Release|x64.Build.0 = Release|Any CPU
		{576DD5AA-4568-4125-91E8-EB97719B0191}.Release|x86.ActiveCfg = Release|Any CPU
		{576DD5AA-4568-4125-91E8-EB97719B0191}.Release|x86.Build.0 = Release|Any CPU
		{07DA65E4-F515-4112-956F-7C5277D8B2DB}.Debug|Any CPU.ActiveCfg = Debug|Any CPU
		{07DA65E4-F515-4112-956F-7C5277D8B2DB}.Debug|Any CPU.Build.0 = Debug|Any CPU
		{07DA65E4-F515-4112-956F-7C5277D8B2DB}.Debug|ARM.ActiveCfg = Debug|Any CPU
		{07DA65E4-F515-4112-956F-7C5277D8B2DB}.Debug|ARM.Build.0 = Debug|Any CPU
		{07DA65E4-F515-4112-956F-7C5277D8B2DB}.Debug|x64.ActiveCfg = Debug|Any CPU
		{07DA65E4-F515-4112-956F-7C5277D8B2DB}.Debug|x64.Build.0 = Debug|Any CPU
		{07DA65E4-F515-4112-956F-7C5277D8B2DB}.Debug|x86.ActiveCfg = Debug|Any CPU
		{07DA65E4-F515-4112-956F-7C5277D8B2DB}.Debug|x86.Build.0 = Debug|Any CPU
		{07DA65E4-F515-4112-956F-7C5277D8B2DB}.Release|Any CPU.ActiveCfg = Release|Any CPU
		{07DA65E4-F515-4112-956F-7C5277D8B2DB}.Release|Any CPU.Build.0 = Release|Any CPU
		{07DA65E4-F515-4112-956F-7C5277D8B2DB}.Release|ARM.ActiveCfg = Release|Any CPU
		{07DA65E4-F515-4112-956F-7C5277D8B2DB}.Release|ARM.Build.0 = Release|Any CPU
		{07DA65E4-F515-4112-956F-7C5277D8B2DB}.Release|x64.ActiveCfg = Release|Any CPU
		{07DA65E4-F515-4112-956F-7C5277D8B2DB}.Release|x64.Build.0 = Release|Any CPU
		{07DA65E4-F515-4112-956F-7C5277D8B2DB}.Release|x86.ActiveCfg = Release|Any CPU
		{07DA65E4-F515-4112-956F-7C5277D8B2DB}.Release|x86.Build.0 = Release|Any CPU
		{CA6C88D2-0FEC-4899-8C99-E8ADB7059571}.Debug|Any CPU.ActiveCfg = Debug|Any CPU
		{CA6C88D2-0FEC-4899-8C99-E8ADB7059571}.Debug|Any CPU.Build.0 = Debug|Any CPU
		{CA6C88D2-0FEC-4899-8C99-E8ADB7059571}.Debug|ARM.ActiveCfg = Debug|Any CPU
		{CA6C88D2-0FEC-4899-8C99-E8ADB7059571}.Debug|ARM.Build.0 = Debug|Any CPU
		{CA6C88D2-0FEC-4899-8C99-E8ADB7059571}.Debug|x64.ActiveCfg = Debug|Any CPU
		{CA6C88D2-0FEC-4899-8C99-E8ADB7059571}.Debug|x64.Build.0 = Debug|Any CPU
		{CA6C88D2-0FEC-4899-8C99-E8ADB7059571}.Debug|x86.ActiveCfg = Debug|Any CPU
		{CA6C88D2-0FEC-4899-8C99-E8ADB7059571}.Debug|x86.Build.0 = Debug|Any CPU
		{CA6C88D2-0FEC-4899-8C99-E8ADB7059571}.Release|Any CPU.ActiveCfg = Release|Any CPU
		{CA6C88D2-0FEC-4899-8C99-E8ADB7059571}.Release|Any CPU.Build.0 = Release|Any CPU
		{CA6C88D2-0FEC-4899-8C99-E8ADB7059571}.Release|ARM.ActiveCfg = Release|Any CPU
		{CA6C88D2-0FEC-4899-8C99-E8ADB7059571}.Release|ARM.Build.0 = Release|Any CPU
		{CA6C88D2-0FEC-4899-8C99-E8ADB7059571}.Release|x64.ActiveCfg = Release|Any CPU
		{CA6C88D2-0FEC-4899-8C99-E8ADB7059571}.Release|x64.Build.0 = Release|Any CPU
		{CA6C88D2-0FEC-4899-8C99-E8ADB7059571}.Release|x86.ActiveCfg = Release|Any CPU
		{CA6C88D2-0FEC-4899-8C99-E8ADB7059571}.Release|x86.Build.0 = Release|Any CPU
		{DAA54017-DF90-42D5-84C4-3F4514E61DBD}.Debug|Any CPU.ActiveCfg = Debug|Any CPU
		{DAA54017-DF90-42D5-84C4-3F4514E61DBD}.Debug|Any CPU.Build.0 = Debug|Any CPU
		{DAA54017-DF90-42D5-84C4-3F4514E61DBD}.Debug|ARM.ActiveCfg = Debug|Any CPU
		{DAA54017-DF90-42D5-84C4-3F4514E61DBD}.Debug|ARM.Build.0 = Debug|Any CPU
		{DAA54017-DF90-42D5-84C4-3F4514E61DBD}.Debug|x64.ActiveCfg = Debug|Any CPU
		{DAA54017-DF90-42D5-84C4-3F4514E61DBD}.Debug|x64.Build.0 = Debug|Any CPU
		{DAA54017-DF90-42D5-84C4-3F4514E61DBD}.Debug|x86.ActiveCfg = Debug|Any CPU
		{DAA54017-DF90-42D5-84C4-3F4514E61DBD}.Debug|x86.Build.0 = Debug|Any CPU
		{DAA54017-DF90-42D5-84C4-3F4514E61DBD}.Release|Any CPU.ActiveCfg = Release|Any CPU
		{DAA54017-DF90-42D5-84C4-3F4514E61DBD}.Release|Any CPU.Build.0 = Release|Any CPU
		{DAA54017-DF90-42D5-84C4-3F4514E61DBD}.Release|ARM.ActiveCfg = Release|Any CPU
		{DAA54017-DF90-42D5-84C4-3F4514E61DBD}.Release|ARM.Build.0 = Release|Any CPU
		{DAA54017-DF90-42D5-84C4-3F4514E61DBD}.Release|x64.ActiveCfg = Release|Any CPU
		{DAA54017-DF90-42D5-84C4-3F4514E61DBD}.Release|x64.Build.0 = Release|Any CPU
		{DAA54017-DF90-42D5-84C4-3F4514E61DBD}.Release|x86.ActiveCfg = Release|Any CPU
		{DAA54017-DF90-42D5-84C4-3F4514E61DBD}.Release|x86.Build.0 = Release|Any CPU
	EndGlobalSection
	GlobalSection(SolutionProperties) = preSolution
		HideSolutionNode = FALSE
	EndGlobalSection
	GlobalSection(ExtensibilityGlobals) = postSolution
		SolutionGuid = {22BA3225-2834-40F9-968A-5E6916A8A578}
	EndGlobalSection
EndGlobal
